// !$*UTF8*$!
{
	archiveVersion = 1;
	classes = {
	};
	objectVersion = 50;
	objects = {

/* Begin PBXBuildFile section */
		D21A517D2892EC090018A718 /* SecondViewController.swift in Sources */ = {isa = PBXBuildFile; fileRef = D21A517C2892EC090018A718 /* SecondViewController.swift */; };
		D248B4D628906ECC008C311A /* AppDelegate.swift in Sources */ = {isa = PBXBuildFile; fileRef = D248B4D528906ECC008C311A /* AppDelegate.swift */; };
		D248B4D828906ECC008C311A /* SceneDelegate.swift in Sources */ = {isa = PBXBuildFile; fileRef = D248B4D728906ECC008C311A /* SceneDelegate.swift */; };
		D248B4DA28906ECC008C311A /* ViewController.swift in Sources */ = {isa = PBXBuildFile; fileRef = D248B4D928906ECC008C311A /* ViewController.swift */; };
		D248B4DD28906ECC008C311A /* Main.storyboard in Resources */ = {isa = PBXBuildFile; fileRef = D248B4DB28906ECC008C311A /* Main.storyboard */; };
		D248B4DF28906ECD008C311A /* Assets.xcassets in Resources */ = {isa = PBXBuildFile; fileRef = D248B4DE28906ECD008C311A /* Assets.xcassets */; };
		D248B4E228906ECD008C311A /* LaunchScreen.storyboard in Resources */ = {isa = PBXBuildFile; fileRef = D248B4E028906ECD008C311A /* LaunchScreen.storyboard */; };
		D28BF16F2891B17C0073A6A1 /* montserrat in Resources */ = {isa = PBXBuildFile; fileRef = D28BF16E2891B17C0073A6A1 /* montserrat */; };
/* End PBXBuildFile section */

/* Begin PBXFileReference section */
		D21A517C2892EC090018A718 /* SecondViewController.swift */ = {isa = PBXFileReference; lastKnownFileType = sourcecode.swift; path = SecondViewController.swift; sourceTree = "<group>"; };
		D248B4D228906ECC008C311A /* visagehall.app */ = {isa = PBXFileReference; explicitFileType = wrapper.application; includeInIndex = 0; path = visagehall.app; sourceTree = BUILT_PRODUCTS_DIR; };
		D248B4D528906ECC008C311A /* AppDelegate.swift */ = {isa = PBXFileReference; lastKnownFileType = sourcecode.swift; path = AppDelegate.swift; sourceTree = "<group>"; };
		D248B4D728906ECC008C311A /* SceneDelegate.swift */ = {isa = PBXFileReference; lastKnownFileType = sourcecode.swift; path = SceneDelegate.swift; sourceTree = "<group>"; };
		D248B4D928906ECC008C311A /* ViewController.swift */ = {isa = PBXFileReference; lastKnownFileType = sourcecode.swift; path = ViewController.swift; sourceTree = "<group>"; };
		D248B4DC28906ECC008C311A /* Base */ = {isa = PBXFileReference; lastKnownFileType = file.storyboard; name = Base; path = Base.lproj/Main.storyboard; sourceTree = "<group>"; };
		D248B4DE28906ECD008C311A /* Assets.xcassets */ = {isa = PBXFileReference; lastKnownFileType = folder.assetcatalog; path = Assets.xcassets; sourceTree = "<group>"; };
		D248B4E128906ECD008C311A /* Base */ = {isa = PBXFileReference; lastKnownFileType = file.storyboard; name = Base; path = Base.lproj/LaunchScreen.storyboard; sourceTree = "<group>"; };
		D248B4E328906ECD008C311A /* Info.plist */ = {isa = PBXFileReference; lastKnownFileType = text.plist.xml; path = Info.plist; sourceTree = "<group>"; };
		D28BF16E2891B17C0073A6A1 /* montserrat */ = {isa = PBXFileReference; lastKnownFileType = folder; name = montserrat; path = ../../montserrat; sourceTree = "<group>"; };
/* End PBXFileReference section */

/* Begin PBXFrameworksBuildPhase section */
		D248B4CF28906ECC008C311A /* Frameworks */ = {
			isa = PBXFrameworksBuildPhase;
			buildActionMask = 2147483647;
			files = (
			);
			runOnlyForDeploymentPostprocessing = 0;
		};
/* End PBXFrameworksBuildPhase section */

/* Begin PBXGroup section */
		D248B4C928906ECC008C311A = {
			isa = PBXGroup;
			children = (
				D248B4D428906ECC008C311A /* visagehall */,
				D248B4D328906ECC008C311A /* Products */,
			);
			sourceTree = "<group>";
		};
		D248B4D328906ECC008C311A /* Products */ = {
			isa = PBXGroup;
			children = (
				D248B4D228906ECC008C311A /* visagehall.app */,
			);
			name = Products;
			sourceTree = "<group>";
		};
		D248B4D428906ECC008C311A /* visagehall */ = {
			isa = PBXGroup;
			children = (
				D28BF16E2891B17C0073A6A1 /* montserrat */,
				D248B4D528906ECC008C311A /* AppDelegate.swift */,
				D248B4D728906ECC008C311A /* SceneDelegate.swift */,
				D248B4D928906ECC008C311A /* ViewController.swift */,
				D248B4DB28906ECC008C311A /* Main.storyboard */,
				D248B4DE28906ECD008C311A /* Assets.xcassets */,
				D248B4E028906ECD008C311A /* LaunchScreen.storyboard */,
				D248B4E328906ECD008C311A /* Info.plist */,
				D21A517C2892EC090018A718 /* SecondViewController.swift */,
			);
			path = visagehall;
			sourceTree = "<group>";
		};
/* End PBXGroup section */

/* Begin PBXNativeTarget section */
		D248B4D128906ECC008C311A /* visagehall */ = {
			isa = PBXNativeTarget;
			buildConfigurationList = D248B4E628906ECD008C311A /* Build configuration list for PBXNativeTarget "visagehall" */;
			buildPhases = (
				D248B4CE28906ECC008C311A /* Sources */,
				D248B4CF28906ECC008C311A /* Frameworks */,
				D248B4D028906ECC008C311A /* Resources */,
			);
			buildRules = (
			);
			dependencies = (
			);
			name = visagehall;
			productName = visagehall;
			productReference = D248B4D228906ECC008C311A /* visagehall.app */;
			productType = "com.apple.product-type.application";
		};
/* End PBXNativeTarget section */

/* Begin PBXProject section */
		D248B4CA28906ECC008C311A /* Project object */ = {
			isa = PBXProject;
			attributes = {
				LastSwiftUpdateCheck = 1240;
				LastUpgradeCheck = 1240;
				TargetAttributes = {
					D248B4D128906ECC008C311A = {
						CreatedOnToolsVersion = 12.4;
					};
				};
			};
			buildConfigurationList = D248B4CD28906ECC008C311A /* Build configuration list for PBXProject "visagehall" */;
			compatibilityVersion = "Xcode 9.3";
			developmentRegion = en;
			hasScannedForEncodings = 0;
			knownRegions = (
				en,
				Base,
			);
			mainGroup = D248B4C928906ECC008C311A;
			productRefGroup = D248B4D328906ECC008C311A /* Products */;
			projectDirPath = "";
			projectRoot = "";
			targets = (
				D248B4D128906ECC008C311A /* visagehall */,
			);
		};
/* End PBXProject section */

/* Begin PBXResourcesBuildPhase section */
		D248B4D028906ECC008C311A /* Resources */ = {
			isa = PBXResourcesBuildPhase;
			buildActionMask = 2147483647;
			files = (
				D248B4E228906ECD008C311A /* LaunchScreen.storyboard in Resources */,
				D28BF16F2891B17C0073A6A1 /* montserrat in Resources */,
				D248B4DF28906ECD008C311A /* Assets.xcassets in Resources */,
				D248B4DD28906ECC008C311A /* Main.storyboard in Resources */,
			);
			runOnlyForDeploymentPostprocessing = 0;
		};
/* End PBXResourcesBuildPhase section */

/* Begin PBXSourcesBuildPhase section */
		D248B4CE28906ECC008C311A /* Sources */ = {
			isa = PBXSourcesBuildPhase;
			buildActionMask = 2147483647;
			files = (
				D21A517D2892EC090018A718 /* SecondViewController.swift in Sources */,
				D248B4DA28906ECC008C311A /* ViewController.swift in Sources */,
				D248B4D628906ECC008C311A /* AppDelegate.swift in Sources */,
				D248B4D828906ECC008C311A /* SceneDelegate.swift in Sources */,
			);
			runOnlyForDeploymentPostprocessing = 0;
		};
/* End PBXSourcesBuildPhase section */

/* Begin PBXVariantGroup section */
		D248B4DB28906ECC008C311A /* Main.storyboard */ = {
			isa = PBXVariantGroup;
			children = (
				D248B4DC28906ECC008C311A /* Base */,
			);
			name = Main.storyboard;
			sourceTree = "<group>";
		};
		D248B4E028906ECD008C311A /* LaunchScreen.storyboard */ = {
			isa = PBXVariantGroup;
			children = (
				D248B4E128906ECD008C311A /* Base */,
			);
			name = LaunchScreen.storyboard;
			sourceTree = "<group>";
		};
/* End PBXVariantGroup section */

/* Begin XCBuildConfiguration section */
		D248B4E428906ECD008C311A /* Debug */ = {
			isa = XCBuildConfiguration;
			buildSettings = {
				ALWAYS_SEARCH_USER_PATHS = NO;
				CLANG_ANALYZER_NONNULL = YES;
				CLANG_ANALYZER_NUMBER_OBJECT_CONVERSION = YES_AGGRESSIVE;
				CLANG_CXX_LANGUAGE_STANDARD = "gnu++14";
				CLANG_CXX_LIBRARY = "libc++";
				CLANG_ENABLE_MODULES = YES;
				CLANG_ENABLE_OBJC_ARC = YES;
				CLANG_ENABLE_OBJC_WEAK = YES;
				CLANG_WARN_BLOCK_CAPTURE_AUTORELEASING = YES;
				CLANG_WARN_BOOL_CONVERSION = YES;
				CLANG_WARN_COMMA = YES;
				CLANG_WARN_CONSTANT_CONVERSION = YES;
				CLANG_WARN_DEPRECATED_OBJC_IMPLEMENTATIONS = YES;
				CLANG_WARN_DIRECT_OBJC_ISA_USAGE = YES_ERROR;
				CLANG_WARN_DOCUMENTATION_COMMENTS = YES;
				CLANG_WARN_EMPTY_BODY = YES;
				CLANG_WARN_ENUM_CONVERSION = YES;
				CLANG_WARN_INFINITE_RECURSION = YES;
				CLANG_WARN_INT_CONVERSION = YES;
				CLANG_WARN_NON_LITERAL_NULL_CONVERSION = YES;
				CLANG_WARN_OBJC_IMPLICIT_RETAIN_SELF = YES;
				CLANG_WARN_OBJC_LITERAL_CONVERSION = YES;
				CLANG_WARN_OBJC_ROOT_CLASS = YES_ERROR;
				CLANG_WARN_QUOTED_INCLUDE_IN_FRAMEWORK_HEADER = YES;
				CLANG_WARN_RANGE_LOOP_ANALYSIS = YES;
				CLANG_WARN_STRICT_PROTOTYPES = YES;
				CLANG_WARN_SUSPICIOUS_MOVE = YES;
				CLANG_WARN_UNGUARDED_AVAILABILITY = YES_AGGRESSIVE;
				CLANG_WARN_UNREACHABLE_CODE = YES;
				CLANG_WARN__DUPLICATE_METHOD_MATCH = YES;
				COPY_PHASE_STRIP = NO;
				DEBUG_INFORMATION_FORMAT = dwarf;
				ENABLE_STRICT_OBJC_MSGSEND = YES;
				ENABLE_TESTABILITY = YES;
				GCC_C_LANGUAGE_STANDARD = gnu11;
				GCC_DYNAMIC_NO_PIC = NO;
				GCC_NO_COMMON_BLOCKS = YES;
				GCC_OPTIMIZATION_LEVEL = 0;
				GCC_PREPROCESSOR_DEFINITIONS = (
					"DEBUG=1",
					"$(inherited)",
				);
				GCC_WARN_64_TO_32_BIT_CONVERSION = YES;
				GCC_WARN_ABOUT_RETURN_TYPE = YES_ERROR;
				GCC_WARN_UNDECLARED_SELECTOR = YES;
				GCC_WARN_UNINITIALIZED_AUTOS = YES_AGGRESSIVE;
				GCC_WARN_UNUSED_FUNCTION = YES;
				GCC_WARN_UNUSED_VARIABLE = YES;
				IPHONEOS_DEPLOYMENT_TARGET = 14.4;
				MTL_ENABLE_DEBUG_INFO = INCLUDE_SOURCE;
				MTL_FAST_MATH = YES;
				ONLY_ACTIVE_ARCH = YES;
				SDKROOT = iphoneos;
				SWIFT_ACTIVE_COMPILATION_CONDITIONS = DEBUG;
				SWIFT_OPTIMIZATION_LEVEL = "-Onone";
			};
			name = Debug;
		};
		D248B4E528906ECD008C311A /* Release */ = {
			isa = XCBuildConfiguration;
			buildSettings = {
				ALWAYS_SEARCH_USER_PATHS = NO;
				CLANG_ANALYZER_NONNULL = YES;
				CLANG_ANALYZER_NUMBER_OBJECT_CONVERSION = YES_AGGRESSIVE;
				CLANG_CXX_LANGUAGE_STANDARD = "gnu++14";
				CLANG_CXX_LIBRARY = "libc++";
				CLANG_ENABLE_MODULES = YES;
				CLANG_ENABLE_OBJC_ARC = YES;
				CLANG_ENABLE_OBJC_WEAK = YES;
				CLANG_WARN_BLOCK_CAPTURE_AUTORELEASING = YES;
				CLANG_WARN_BOOL_CONVERSION = YES;
				CLANG_WARN_COMMA = YES;
				CLANG_WARN_CONSTANT_CONVERSION = YES;
				CLANG_WARN_DEPRECATED_OBJC_IMPLEMENTATIONS = YES;
				CLANG_WARN_DIRECT_OBJC_ISA_USAGE = YES_ERROR;
				CLANG_WARN_DOCUMENTATION_COMMENTS = YES;
				CLANG_WARN_EMPTY_BODY = YES;
				CLANG_WARN_ENUM_CONVERSION = YES;
				CLANG_WARN_INFINITE_RECURSION = YES;
				CLANG_WARN_INT_CONVERSION = YES;
				CLANG_WARN_NON_LITERAL_NULL_CONVERSION = YES;
				CLANG_WARN_OBJC_IMPLICIT_RETAIN_SELF = YES;
				CLANG_WARN_OBJC_LITERAL_CONVERSION = YES;
				CLANG_WARN_OBJC_ROOT_CLASS = YES_ERROR;
				CLANG_WARN_QUOTED_INCLUDE_IN_FRAMEWORK_HEADER = YES;
				CLANG_WARN_RANGE_LOOP_ANALYSIS = YES;
				CLANG_WARN_STRICT_PROTOTYPES = YES;
				CLANG_WARN_SUSPICIOUS_MOVE = YES;
				CLANG_WARN_UNGUARDED_AVAILABILITY = YES_AGGRESSIVE;
				CLANG_WARN_UNREACHABLE_CODE = YES;
				CLANG_WARN__DUPLICATE_METHOD_MATCH = YES;
				COPY_PHASE_STRIP = NO;
				DEBUG_INFORMATION_FORMAT = "dwarf-with-dsym";
				ENABLE_NS_ASSERTIONS = NO;
				ENABLE_STRICT_OBJC_MSGSEND = YES;
				GCC_C_LANGUAGE_STANDARD = gnu11;
				GCC_NO_COMMON_BLOCKS = YES;
				GCC_WARN_64_TO_32_BIT_CONVERSION = YES;
				GCC_WARN_ABOUT_RETURN_TYPE = YES_ERROR;
				GCC_WARN_UNDECLARED_SELECTOR = YES;
				GCC_WARN_UNINITIALIZED_AUTOS = YES_AGGRESSIVE;
				GCC_WARN_UNUSED_FUNCTION = YES;
				GCC_WARN_UNUSED_VARIABLE = YES;
				IPHONEOS_DEPLOYMENT_TARGET = 14.4;
				MTL_ENABLE_DEBUG_INFO = NO;
				MTL_FAST_MATH = YES;
				SDKROOT = iphoneos;
				SWIFT_COMPILATION_MODE = wholemodule;
				SWIFT_OPTIMIZATION_LEVEL = "-O";
				VALIDATE_PRODUCT = YES;
			};
			name = Release;
		};
		D248B4E728906ECD008C311A /* Debug */ = {
			isa = XCBuildConfiguration;
			buildSettings = {
				ASSETCATALOG_COMPILER_APPICON_NAME = AppIcon;
				ASSETCATALOG_COMPILER_GLOBAL_ACCENT_COLOR_NAME = AccentColor;
				CODE_SIGN_STYLE = Automatic;
				DEVELOPMENT_TEAM = Y457Q48R5X;
				INFOPLIST_FILE = visagehall/Info.plist;
				LD_RUNPATH_SEARCH_PATHS = (
					"$(inherited)",
					"@executable_path/Frameworks",
				);
				PRODUCT_BUNDLE_IDENTIFIER = Artem.visagehall;
				PRODUCT_NAME = "$(TARGET_NAME)";
				SWIFT_VERSION = 5.0;
				TARGETED_DEVICE_FAMILY = "1,2";
			};
			name = Debug;
		};
		D248B4E828906ECD008C311A /* Release */ = {
			isa = XCBuildConfiguration;
			buildSettings = {
				ASSETCATALOG_COMPILER_APPICON_NAME = AppIcon;
				ASSETCATALOG_COMPILER_GLOBAL_ACCENT_COLOR_NAME = AccentColor;
				CODE_SIGN_STYLE = Automatic;
				DEVELOPMENT_TEAM = Y457Q48R5X;
				INFOPLIST_FILE = visagehall/Info.plist;
				LD_RUNPATH_SEARCH_PATHS = (
					"$(inherited)",
					"@executable_path/Frameworks",
				);
				PRODUCT_BUNDLE_IDENTIFIER = Artem.visagehall;
				PRODUCT_NAME = "$(TARGET_NAME)";
				SWIFT_VERSION = 5.0;
				TARGETED_DEVICE_FAMILY = "1,2";
			};
			name = Release;
		};
/* End XCBuildConfiguration section */

/* Begin XCConfigurationList section */
		D248B4CD28906ECC008C311A /* Build configuration list for PBXProject "visagehall" */ = {
			isa = XCConfigurationList;
			buildConfigurations = (
				D248B4E428906ECD008C311A /* Debug */,
				D248B4E528906ECD008C311A /* Release */,
			);
			defaultConfigurationIsVisible = 0;
			defaultConfigurationName = Release;
		};
		D248B4E628906ECD008C311A /* Build configuration list for PBXNativeTarget "visagehall" */ = {
			isa = XCConfigurationList;
			buildConfigurations = (
				D248B4E728906ECD008C311A /* Debug */,
				D248B4E828906ECD008C311A /* Release */,
			);
			defaultConfigurationIsVisible = 0;
			defaultConfigurationName = Release;
		};
/* End XCConfigurationList section */
	};
	rootObject = D248B4CA28906ECC008C311A /* Project object */;
}
